
Microsoft Visual Studio Solution File, Format Version 12.00
# Visual Studio 14
VisualStudioVersion = 14.0.25420.1
MinimumVisualStudioVersion = 10.0.40219.1
Project("{FAE04EC0-301F-11D3-BF4B-00C04F79EFBC}") = "Advent of Code 2017 - 01", "Advent of Code 2017 - 01\Advent of Code 2017 - 01.csproj", "{00976AFE-2F55-4311-8B6F-6EDC84E10CB2}"
EndProject
Global
	GlobalSection(SolutionConfigurationPlatforms) = preSolution
		Debug|Any CPU = Debug|Any CPU
		Release|Any CPU = Release|Any CPU
	EndGlobalSection
	GlobalSection(ProjectConfigurationPlatforms) = postSolution
		{00976AFE-2F55-4311-8B6F-6EDC84E10CB2}.Debug|Any CPU.ActiveCfg = Debug|Any CPU
		{00976AFE-2F55-4311-8B6F-6EDC84E10CB2}.Debug|Any CPU.Build.0 = Debug|Any CPU
		{00976AFE-2F55-4311-8B6F-6EDC84E10CB2}.Release|Any CPU.ActiveCfg = Release|Any CPU
		{00976AFE-2F55-4311-8B6F-6EDC84E10CB2}.Release|Any CPU.Build.0 = Release|Any CPU
	EndGlobalSection
	GlobalSection(SolutionProperties) = preSolution
		HideSolutionNode = FALSE
	EndGlobalSection
EndGlobal
